
Microsoft Visual Studio Solution File, Format Version 12.00
# Visual Studio 14
VisualStudioVersion = 14.0.25420.1
MinimumVisualStudioVersion = 10.0.40219.1
Project("{FAE04EC0-301F-11D3-BF4B-00C04F79EFBC}") = "MasterDetailPageNavigation.Android", "MasterDetailPageNavigation\MasterDetailPageNavigation.Android\MasterDetailPageNavigation.Android.csproj", "{3D3E0AAD-8255-4CDE-B316-B33E00A34087}"
EndProject
Project("{FAE04EC0-301F-11D3-BF4B-00C04F79EFBC}") = "MasterDetailPageNavigation", "MasterDetailPageNavigation\MasterDetailPageNavigation\MasterDetailPageNavigation.csproj", "{5381E702-2682-4FB1-974C-D4A9CC9B8FD3}"
EndProject
Project("{FAE04EC0-301F-11D3-BF4B-00C04F79EFBC}") = "MasterDetailPageNavigation.UWP", "MasterDetailPageNavigation\MasterDetailPageNavigation.UWP\MasterDetailPageNavigation.UWP.csproj", "{4788859E-197F-46AC-9B93-0FE265050F32}"
EndProject
Project("{FAE04EC0-301F-11D3-BF4B-00C04F79EFBC}") = "MasterDetailPageNavigation.iOS", "MasterDetailPageNavigation\MasterDetailPageNavigation.iOS\MasterDetailPageNavigation.iOS.csproj", "{42C68AFD-6271-477B-9E58-2759E6FD56BC}"
EndProject
Global
	GlobalSection(SolutionConfigurationPlatforms) = preSolution
		Ad-Hoc|Any CPU = Ad-Hoc|Any CPU
		Ad-Hoc|ARM = Ad-Hoc|ARM
		Ad-Hoc|iPhone = Ad-Hoc|iPhone
		Ad-Hoc|iPhoneSimulator = Ad-Hoc|iPhoneSimulator
		Ad-Hoc|x64 = Ad-Hoc|x64
		Ad-Hoc|x86 = Ad-Hoc|x86
		AppStore|Any CPU = AppStore|Any CPU
		AppStore|ARM = AppStore|ARM
		AppStore|iPhone = AppStore|iPhone
		AppStore|iPhoneSimulator = AppStore|iPhoneSimulator
		AppStore|x64 = AppStore|x64
		AppStore|x86 = AppStore|x86
		Debug|Any CPU = Debug|Any CPU
		Debug|ARM = Debug|ARM
		Debug|iPhone = Debug|iPhone
		Debug|iPhoneSimulator = Debug|iPhoneSimulator
		Debug|x64 = Debug|x64
		Debug|x86 = Debug|x86
		Release|Any CPU = Release|Any CPU
		Release|ARM = Release|ARM
		Release|iPhone = Release|iPhone
		Release|iPhoneSimulator = Release|iPhoneSimulator
		Release|x64 = Release|x64
		Release|x86 = Release|x86
	EndGlobalSection
	GlobalSection(ProjectConfigurationPlatforms) = postSolution
		{3D3E0AAD-8255-4CDE-B316-B33E00A34087}.Ad-Hoc|Any CPU.ActiveCfg = Release|Any CPU
		{3D3E0AAD-8255-4CDE-B316-B33E00A34087}.Ad-Hoc|Any CPU.Build.0 = Release|Any CPU
		{3D3E0AAD-8255-4CDE-B316-B33E00A34087}.Ad-Hoc|Any CPU.Deploy.0 = Release|Any CPU
		{3D3E0AAD-8255-4CDE-B316-B33E00A34087}.Ad-Hoc|ARM.ActiveCfg = Release|Any CPU
		{3D3E0AAD-8255-4CDE-B316-B33E00A34087}.Ad-Hoc|ARM.Build.0 = Release|Any CPU
		{3D3E0AAD-8255-4CDE-B316-B33E00A34087}.Ad-Hoc|ARM.Deploy.0 = Release|Any CPU
		{3D3E0AAD-8255-4CDE-B316-B33E00A34087}.Ad-Hoc|iPhone.ActiveCfg = Release|Any CPU
		{3D3E0AAD-8255-4CDE-B316-B33E00A34087}.Ad-Hoc|iPhone.Build.0 = Release|Any CPU
		{3D3E0AAD-8255-4CDE-B316-B33E00A34087}.Ad-Hoc|iPhone.Deploy.0 = Release|Any CPU
		{3D3E0AAD-8255-4CDE-B316-B33E00A34087}.Ad-Hoc|iPhoneSimulator.ActiveCfg = Release|Any CPU
		{3D3E0AAD-8255-4CDE-B316-B33E00A34087}.Ad-Hoc|iPhoneSimulator.Build.0 = Release|Any CPU
		{3D3E0AAD-8255-4CDE-B316-B33E00A34087}.Ad-Hoc|iPhoneSimulator.Deploy.0 = Release|Any CPU
		{3D3E0AAD-8255-4CDE-B316-B33E00A34087}.Ad-Hoc|x64.ActiveCfg = Release|Any CPU
		{3D3E0AAD-8255-4CDE-B316-B33E00A34087}.Ad-Hoc|x64.Build.0 = Release|Any CPU
		{3D3E0AAD-8255-4CDE-B316-B33E00A34087}.Ad-Hoc|x64.Deploy.0 = Release|Any CPU
		{3D3E0AAD-8255-4CDE-B316-B33E00A34087}.Ad-Hoc|x86.ActiveCfg = Release|Any CPU
		{3D3E0AAD-8255-4CDE-B316-B33E00A34087}.Ad-Hoc|x86.Build.0 = Release|Any CPU
		{3D3E0AAD-8255-4CDE-B316-B33E00A34087}.Ad-Hoc|x86.Deploy.0 = Release|Any CPU
		{3D3E0AAD-8255-4CDE-B316-B33E00A34087}.AppStore|Any CPU.ActiveCfg = Release|Any CPU
		{3D3E0AAD-8255-4CDE-B316-B33E00A34087}.AppStore|Any CPU.Build.0 = Release|Any CPU
		{3D3E0AAD-8255-4CDE-B316-B33E00A34087}.AppStore|Any CPU.Deploy.0 = Release|Any CPU
		{3D3E0AAD-8255-4CDE-B316-B33E00A34087}.AppStore|ARM.ActiveCfg = Release|Any CPU
		{3D3E0AAD-8255-4CDE-B316-B33E00A34087}.AppStore|ARM.Build.0 = Release|Any CPU
		{3D3E0AAD-8255-4CDE-B316-B33E00A34087}.AppStore|ARM.Deploy.0 = Release|Any CPU
		{3D3E0AAD-8255-4CDE-B316-B33E00A34087}.AppStore|iPhone.ActiveCfg = Release|Any CPU
		{3D3E0AAD-8255-4CDE-B316-B33E00A34087}.AppStore|iPhone.Build.0 = Release|Any CPU
		{3D3E0AAD-8255-4CDE-B316-B33E00A34087}.AppStore|iPhone.Deploy.0 = Release|Any CPU
		{3D3E0AAD-8255-4CDE-B316-B33E00A34087}.AppStore|iPhoneSimulator.ActiveCfg = Release|Any CPU
		{3D3E0AAD-8255-4CDE-B316-B33E00A34087}.AppStore|iPhoneSimulator.Build.0 = Release|Any CPU
		{3D3E0AAD-8255-4CDE-B316-B33E00A34087}.AppStore|iPhoneSimulator.Deploy.0 = Release|Any CPU
		{3D3E0AAD-8255-4CDE-B316-B33E00A34087}.AppStore|x64.ActiveCfg = Release|Any CPU
		{3D3E0AAD-8255-4CDE-B316-B33E00A34087}.AppStore|x64.Build.0 = Release|Any CPU
		{3D3E0AAD-8255-4CDE-B316-B33E00A34087}.AppStore|x64.Deploy.0 = Release|Any CPU
		{3D3E0AAD-8255-4CDE-B316-B33E00A34087}.AppStore|x86.ActiveCfg = Release|Any CPU
		{3D3E0AAD-8255-4CDE-B316-B33E00A34087}.AppStore|x86.Build.0 = Release|Any CPU
		{3D3E0AAD-8255-4CDE-B316-B33E00A34087}.AppStore|x86.Deploy.0 = Release|Any CPU
		{3D3E0AAD-8255-4CDE-B316-B33E00A34087}.Debug|Any CPU.ActiveCfg = Debug|Any CPU
		{3D3E0AAD-8255-4CDE-B316-B33E00A34087}.Debug|Any CPU.Build.0 = Debug|Any CPU
		{3D3E0AAD-8255-4CDE-B316-B33E00A34087}.Debug|Any CPU.Deploy.0 = Debug|Any CPU
		{3D3E0AAD-8255-4CDE-B316-B33E00A34087}.Debug|ARM.ActiveCfg = Debug|Any CPU
		{3D3E0AAD-8255-4CDE-B316-B33E00A34087}.Debug|ARM.Build.0 = Debug|Any CPU
		{3D3E0AAD-8255-4CDE-B316-B33E00A34087}.Debug|ARM.Deploy.0 = Debug|Any CPU
		{3D3E0AAD-8255-4CDE-B316-B33E00A34087}.Debug|iPhone.ActiveCfg = Debug|Any CPU
		{3D3E0AAD-8255-4CDE-B316-B33E00A34087}.Debug|iPhone.Build.0 = Debug|Any CPU
		{3D3E0AAD-8255-4CDE-B316-B33E00A34087}.Debug|iPhone.Deploy.0 = Debug|Any CPU
		{3D3E0AAD-8255-4CDE-B316-B33E00A34087}.Debug|iPhoneSimulator.ActiveCfg = Debug|Any CPU
		{3D3E0AAD-8255-4CDE-B316-B33E00A34087}.Debug|iPhoneSimulator.Build.0 = Debug|Any CPU
		{3D3E0AAD-8255-4CDE-B316-B33E00A34087}.Debug|iPhoneSimulator.Deploy.0 = Debug|Any CPU
		{3D3E0AAD-8255-4CDE-B316-B33E00A34087}.Debug|x64.ActiveCfg = Debug|Any CPU
		{3D3E0AAD-8255-4CDE-B316-B33E00A34087}.Debug|x64.Build.0 = Debug|Any CPU
		{3D3E0AAD-8255-4CDE-B316-B33E00A34087}.Debug|x64.Deploy.0 = Debug|Any CPU
		{3D3E0AAD-8255-4CDE-B316-B33E00A34087}.Debug|x86.ActiveCfg = Debug|Any CPU
		{3D3E0AAD-8255-4CDE-B316-B33E00A34087}.Debug|x86.Build.0 = Debug|Any CPU
		{3D3E0AAD-8255-4CDE-B316-B33E00A34087}.Debug|x86.Deploy.0 = Debug|Any CPU
		{3D3E0AAD-8255-4CDE-B316-B33E00A34087}.Release|Any CPU.ActiveCfg = Release|Any CPU
		{3D3E0AAD-8255-4CDE-B316-B33E00A34087}.Release|Any CPU.Build.0 = Release|Any CPU
		{3D3E0AAD-8255-4CDE-B316-B33E00A34087}.Release|Any CPU.Deploy.0 = Release|Any CPU
		{3D3E0AAD-8255-4CDE-B316-B33E00A34087}.Release|ARM.ActiveCfg = Release|Any CPU
		{3D3E0AAD-8255-4CDE-B316-B33E00A34087}.Release|ARM.Build.0 = Release|Any CPU
		{3D3E0AAD-8255-4CDE-B316-B33E00A34087}.Release|ARM.Deploy.0 = Release|Any CPU
		{3D3E0AAD-8255-4CDE-B316-B33E00A34087}.Release|iPhone.ActiveCfg = Release|Any CPU
		{3D3E0AAD-8255-4CDE-B316-B33E00A34087}.Release|iPhone.Build.0 = Release|Any CPU
		{3D3E0AAD-8255-4CDE-B316-B33E00A34087}.Release|iPhone.Deploy.0 = Release|Any CPU
		{3D3E0AAD-8255-4CDE-B316-B33E00A34087}.Release|iPhoneSimulator.ActiveCfg = Release|Any CPU
		{3D3E0AAD-8255-4CDE-B316-B33E00A34087}.Release|iPhoneSimulator.Build.0 = Release|Any CPU
		{3D3E0AAD-8255-4CDE-B316-B33E00A34087}.Release|iPhoneSimulator.Deploy.0 = Release|Any CPU
		{3D3E0AAD-8255-4CDE-B316-B33E00A34087}.Release|x64.ActiveCfg = Release|Any CPU
		{3D3E0AAD-8255-4CDE-B316-B33E00A34087}.Release|x64.Build.0 = Release|Any CPU
		{3D3E0AAD-8255-4CDE-B316-B33E00A34087}.Release|x64.Deploy.0 = Release|Any CPU
		{3D3E0AAD-8255-4CDE-B316-B33E00A34087}.Release|x86.ActiveCfg = Release|Any CPU
		{3D3E0AAD-8255-4CDE-B316-B33E00A34087}.Release|x86.Build.0 = Release|Any CPU
		{3D3E0AAD-8255-4CDE-B316-B33E00A34087}.Release|x86.Deploy.0 = Release|Any CPU
		{5381E702-2682-4FB1-974C-D4A9CC9B8FD3}.Ad-Hoc|Any CPU.ActiveCfg = Release|Any CPU
		{5381E702-2682-4FB1-974C-D4A9CC9B8FD3}.Ad-Hoc|Any CPU.Build.0 = Release|Any CPU
		{5381E702-2682-4FB1-974C-D4A9CC9B8FD3}.Ad-Hoc|ARM.ActiveCfg = Release|Any CPU
		{5381E702-2682-4FB1-974C-D4A9CC9B8FD3}.Ad-Hoc|ARM.Build.0 = Release|Any CPU
		{5381E702-2682-4FB1-974C-D4A9CC9B8FD3}.Ad-Hoc|iPhone.ActiveCfg = Release|Any CPU
		{5381E702-2682-4FB1-974C-D4A9CC9B8FD3}.Ad-Hoc|iPhone.Build.0 = Release|Any CPU
		{5381E702-2682-4FB1-974C-D4A9CC9B8FD3}.Ad-Hoc|iPhoneSimulator.ActiveCfg = Release|Any CPU
		{5381E702-2682-4FB1-974C-D4A9CC9B8FD3}.Ad-Hoc|iPhoneSimulator.Build.0 = Release|Any CPU
		{5381E702-2682-4FB1-974C-D4A9CC9B8FD3}.Ad-Hoc|x64.ActiveCfg = Release|Any CPU
		{5381E702-2682-4FB1-974C-D4A9CC9B8FD3}.Ad-Hoc|x64.Build.0 = Release|Any CPU
		{5381E702-2682-4FB1-974C-D4A9CC9B8FD3}.Ad-Hoc|x86.ActiveCfg = Release|Any CPU
		{5381E702-2682-4FB1-974C-D4A9CC9B8FD3}.Ad-Hoc|x86.Build.0 = Release|Any CPU
		{5381E702-2682-4FB1-974C-D4A9CC9B8FD3}.AppStore|Any CPU.ActiveCfg = Release|Any CPU
		{5381E702-2682-4FB1-974C-D4A9CC9B8FD3}.AppStore|Any CPU.Build.0 = Release|Any CPU
		{5381E702-2682-4FB1-974C-D4A9CC9B8FD3}.AppStore|ARM.ActiveCfg = Release|Any CPU
		{5381E702-2682-4FB1-974C-D4A9CC9B8FD3}.AppStore|ARM.Build.0 = Release|Any CPU
		{5381E702-2682-4FB1-974C-D4A9CC9B8FD3}.AppStore|iPhone.ActiveCfg = Release|Any CPU
		{5381E702-2682-4FB1-974C-D4A9CC9B8FD3}.AppStore|iPhone.Build.0 = Release|Any CPU
		{5381E702-2682-4FB1-974C-D4A9CC9B8FD3}.AppStore|iPhoneSimulator.ActiveCfg = Release|Any CPU
		{5381E702-2682-4FB1-974C-D4A9CC9B8FD3}.AppStore|iPhoneSimulator.Build.0 = Release|Any CPU
		{5381E702-2682-4FB1-974C-D4A9CC9B8FD3}.AppStore|x64.ActiveCfg = Release|Any CPU
		{5381E702-2682-4FB1-974C-D4A9CC9B8FD3}.AppStore|x64.Build.0 = Release|Any CPU
		{5381E702-2682-4FB1-974C-D4A9CC9B8FD3}.AppStore|x86.ActiveCfg = Release|Any CPU
		{5381E702-2682-4FB1-974C-D4A9CC9B8FD3}.AppStore|x86.Build.0 = Release|Any CPU
		{5381E702-2682-4FB1-974C-D4A9CC9B8FD3}.Debug|Any CPU.ActiveCfg = Debug|Any CPU
		{5381E702-2682-4FB1-974C-D4A9CC9B8FD3}.Debug|Any CPU.Build.0 = Debug|Any CPU
		{5381E702-2682-4FB1-974C-D4A9CC9B8FD3}.Debug|ARM.ActiveCfg = Debug|Any CPU
		{5381E702-2682-4FB1-974C-D4A9CC9B8FD3}.Debug|ARM.Build.0 = Debug|Any CPU
		{5381E702-2682-4FB1-974C-D4A9CC9B8FD3}.Debug|iPhone.ActiveCfg = Debug|Any CPU
		{5381E702-2682-4FB1-974C-D4A9CC9B8FD3}.Debug|iPhone.Build.0 = Debug|Any CPU
		{5381E702-2682-4FB1-974C-D4A9CC9B8FD3}.Debug|iPhoneSimulator.ActiveCfg = Debug|Any CPU
		{5381E702-2682-4FB1-974C-D4A9CC9B8FD3}.Debug|iPhoneSimulator.Build.0 = Debug|Any CPU
		{5381E702-2682-4FB1-974C-D4A9CC9B8FD3}.Debug|x64.ActiveCfg = Debug|Any CPU
		{5381E702-2682-4FB1-974C-D4A9CC9B8FD3}.Debug|x64.Build.0 = Debug|Any CPU
		{5381E702-2682-4FB1-974C-D4A9CC9B8FD3}.Debug|x86.ActiveCfg = Debug|Any CPU
		{5381E702-2682-4FB1-974C-D4A9CC9B8FD3}.Debug|x86.Build.0 = Debug|Any CPU
		{5381E702-2682-4FB1-974C-D4A9CC9B8FD3}.Release|Any CPU.ActiveCfg = Release|Any CPU
		{5381E702-2682-4FB1-974C-D4A9CC9B8FD3}.Release|Any CPU.Build.0 = Release|Any CPU
		{5381E702-2682-4FB1-974C-D4A9CC9B8FD3}.Release|ARM.ActiveCfg = Release|Any CPU
		{5381E702-2682-4FB1-974C-D4A9CC9B8FD3}.Release|ARM.Build.0 = Release|Any CPU
		{5381E702-2682-4FB1-974C-D4A9CC9B8FD3}.Release|iPhone.ActiveCfg = Release|Any CPU
		{5381E702-2682-4FB1-974C-D4A9CC9B8FD3}.Release|iPhone.Build.0 = Release|Any CPU
		{5381E702-2682-4FB1-974C-D4A9CC9B8FD3}.Release|iPhoneSimulator.ActiveCfg = Release|Any CPU
		{5381E702-2682-4FB1-974C-D4A9CC9B8FD3}.Release|iPhoneSimulator.Build.0 = Release|Any CPU
		{5381E702-2682-4FB1-974C-D4A9CC9B8FD3}.Release|x64.ActiveCfg = Release|Any CPU
		{5381E702-2682-4FB1-974C-D4A9CC9B8FD3}.Release|x64.Build.0 = Release|Any CPU
		{5381E702-2682-4FB1-974C-D4A9CC9B8FD3}.Release|x86.ActiveCfg = Release|Any CPU
		{5381E702-2682-4FB1-974C-D4A9CC9B8FD3}.Release|x86.Build.0 = Release|Any CPU
		{4788859E-197F-46AC-9B93-0FE265050F32}.Ad-Hoc|Any CPU.ActiveCfg = Release|x86
		{4788859E-197F-46AC-9B93-0FE265050F32}.Ad-Hoc|Any CPU.Build.0 = Release|x86
		{4788859E-197F-46AC-9B93-0FE265050F32}.Ad-Hoc|Any CPU.Deploy.0 = Release|x86
		{4788859E-197F-46AC-9B93-0FE265050F32}.Ad-Hoc|ARM.ActiveCfg = Release|ARM
		{4788859E-197F-46AC-9B93-0FE265050F32}.Ad-Hoc|ARM.Build.0 = Release|ARM
		{4788859E-197F-46AC-9B93-0FE265050F32}.Ad-Hoc|ARM.Deploy.0 = Release|ARM
		{4788859E-197F-46AC-9B93-0FE265050F32}.Ad-Hoc|iPhone.ActiveCfg = Release|x86
		{4788859E-197F-46AC-9B93-0FE265050F32}.Ad-Hoc|iPhone.Build.0 = Release|x86
		{4788859E-197F-46AC-9B93-0FE265050F32}.Ad-Hoc|iPhone.Deploy.0 = Release|x86
		{4788859E-197F-46AC-9B93-0FE265050F32}.Ad-Hoc|iPhoneSimulator.ActiveCfg = Release|x86
		{4788859E-197F-46AC-9B93-0FE265050F32}.Ad-Hoc|iPhoneSimulator.Build.0 = Release|x86
		{4788859E-197F-46AC-9B93-0FE265050F32}.Ad-Hoc|iPhoneSimulator.Deploy.0 = Release|x86
		{4788859E-197F-46AC-9B93-0FE265050F32}.Ad-Hoc|x64.ActiveCfg = Release|x64
		{4788859E-197F-46AC-9B93-0FE265050F32}.Ad-Hoc|x64.Build.0 = Release|x64
		{4788859E-197F-46AC-9B93-0FE265050F32}.Ad-Hoc|x64.Deploy.0 = Release|x64
		{4788859E-197F-46AC-9B93-0FE265050F32}.Ad-Hoc|x86.ActiveCfg = Release|x86
		{4788859E-197F-46AC-9B93-0FE265050F32}.Ad-Hoc|x86.Build.0 = Release|x86
		{4788859E-197F-46AC-9B93-0FE265050F32}.Ad-Hoc|x86.Deploy.0 = Release|x86
		{4788859E-197F-46AC-9B93-0FE265050F32}.AppStore|Any CPU.ActiveCfg = Release|x86
		{4788859E-197F-46AC-9B93-0FE265050F32}.AppStore|Any CPU.Build.0 = Release|x86
		{4788859E-197F-46AC-9B93-0FE265050F32}.AppStore|Any CPU.Deploy.0 = Release|x86
		{4788859E-197F-46AC-9B93-0FE265050F32}.AppStore|ARM.ActiveCfg = Release|ARM
		{4788859E-197F-46AC-9B93-0FE265050F32}.AppStore|ARM.Build.0 = Release|ARM
		{4788859E-197F-46AC-9B93-0FE265050F32}.AppStore|ARM.Deploy.0 = Release|ARM
		{4788859E-197F-46AC-9B93-0FE265050F32}.AppStore|iPhone.ActiveCfg = Release|x86
		{4788859E-197F-46AC-9B93-0FE265050F32}.AppStore|iPhone.Build.0 = Release|x86
		{4788859E-197F-46AC-9B93-0FE265050F32}.AppStore|iPhone.Deploy.0 = Release|x86
		{4788859E-197F-46AC-9B93-0FE265050F32}.AppStore|iPhoneSimulator.ActiveCfg = Release|x86
		{4788859E-197F-46AC-9B93-0FE265050F32}.AppStore|iPhoneSimulator.Build.0 = Release|x86
		{4788859E-197F-46AC-9B93-0FE265050F32}.AppStore|iPhoneSimulator.Deploy.0 = Release|x86
		{4788859E-197F-46AC-9B93-0FE265050F32}.AppStore|x64.ActiveCfg = Release|x64
		{4788859E-197F-46AC-9B93-0FE265050F32}.AppStore|x64.Build.0 = Release|x64
		{4788859E-197F-46AC-9B93-0FE265050F32}.AppStore|x64.Deploy.0 = Release|x64
		{4788859E-197F-46AC-9B93-0FE265050F32}.AppStore|x86.ActiveCfg = Release|x86
		{4788859E-197F-46AC-9B93-0FE265050F32}.AppStore|x86.Build.0 = Release|x86
		{4788859E-197F-46AC-9B93-0FE265050F32}.AppStore|x86.Deploy.0 = Release|x86
		{4788859E-197F-46AC-9B93-0FE265050F32}.Debug|Any CPU.ActiveCfg = Debug|x86
		{4788859E-197F-46AC-9B93-0FE265050F32}.Debug|ARM.ActiveCfg = Debug|ARM
		{4788859E-197F-46AC-9B93-0FE265050F32}.Debug|ARM.Build.0 = Debug|ARM
		{4788859E-197F-46AC-9B93-0FE265050F32}.Debug|ARM.Deploy.0 = Debug|ARM
		{4788859E-197F-46AC-9B93-0FE265050F32}.Debug|iPhone.ActiveCfg = Debug|x86
		{4788859E-197F-46AC-9B93-0FE265050F32}.Debug|iPhoneSimulator.ActiveCfg = Debug|x86
		{4788859E-197F-46AC-9B93-0FE265050F32}.Debug|x64.ActiveCfg = Debug|x64
		{4788859E-197F-46AC-9B93-0FE265050F32}.Debug|x64.Build.0 = Debug|x64
		{4788859E-197F-46AC-9B93-0FE265050F32}.Debug|x64.Deploy.0 = Debug|x64
		{4788859E-197F-46AC-9B93-0FE265050F32}.Debug|x86.ActiveCfg = Debug|x86
		{4788859E-197F-46AC-9B93-0FE265050F32}.Debug|x86.Build.0 = Debug|x86
		{4788859E-197F-46AC-9B93-0FE265050F32}.Debug|x86.Deploy.0 = Debug|x86
		{4788859E-197F-46AC-9B93-0FE265050F32}.Release|Any CPU.ActiveCfg = Release|x86
		{4788859E-197F-46AC-9B93-0FE265050F32}.Release|ARM.ActiveCfg = Release|ARM
		{4788859E-197F-46AC-9B93-0FE265050F32}.Release|ARM.Build.0 = Release|ARM
		{4788859E-197F-46AC-9B93-0FE265050F32}.Release|ARM.Deploy.0 = Release|ARM
		{4788859E-197F-46AC-9B93-0FE265050F32}.Release|iPhone.ActiveCfg = Release|x86
		{4788859E-197F-46AC-9B93-0FE265050F32}.Release|iPhoneSimulator.ActiveCfg = Release|x86
		{4788859E-197F-46AC-9B93-0FE265050F32}.Release|x64.ActiveCfg = Release|x64
		{4788859E-197F-46AC-9B93-0FE265050F32}.Release|x64.Build.0 = Release|x64
		{4788859E-197F-46AC-9B93-0FE265050F32}.Release|x64.Deploy.0 = Release|x64
		{4788859E-197F-46AC-9B93-0FE265050F32}.Release|x86.ActiveCfg = Release|x86
		{4788859E-197F-46AC-9B93-0FE265050F32}.Release|x86.Build.0 = Release|x86
		{4788859E-197F-46AC-9B93-0FE265050F32}.Release|x86.Deploy.0 = Release|x86
		{42C68AFD-6271-477B-9E58-2759E6FD56BC}.Ad-Hoc|Any CPU.ActiveCfg = Ad-Hoc|iPhone
		{42C68AFD-6271-477B-9E58-2759E6FD56BC}.Ad-Hoc|ARM.ActiveCfg = Ad-Hoc|iPhone
		{42C68AFD-6271-477B-9E58-2759E6FD56BC}.Ad-Hoc|iPhone.ActiveCfg = Ad-Hoc|iPhone
		{42C68AFD-6271-477B-9E58-2759E6FD56BC}.Ad-Hoc|iPhone.Build.0 = Ad-Hoc|iPhone
		{42C68AFD-6271-477B-9E58-2759E6FD56BC}.Ad-Hoc|iPhoneSimulator.ActiveCfg = Ad-Hoc|iPhoneSimulator
		{42C68AFD-6271-477B-9E58-2759E6FD56BC}.Ad-Hoc|iPhoneSimulator.Build.0 = Ad-Hoc|iPhoneSimulator
		{42C68AFD-6271-477B-9E58-2759E6FD56BC}.Ad-Hoc|x64.ActiveCfg = Ad-Hoc|iPhone
		{42C68AFD-6271-477B-9E58-2759E6FD56BC}.Ad-Hoc|x86.ActiveCfg = Ad-Hoc|iPhone
		{42C68AFD-6271-477B-9E58-2759E6FD56BC}.AppStore|Any CPU.ActiveCfg = AppStore|iPhone
		{42C68AFD-6271-477B-9E58-2759E6FD56BC}.AppStore|ARM.ActiveCfg = AppStore|iPhone
		{42C68AFD-6271-477B-9E58-2759E6FD56BC}.AppStore|iPhone.ActiveCfg = AppStore|iPhone
		{42C68AFD-6271-477B-9E58-2759E6FD56BC}.AppStore|iPhone.Build.0 = AppStore|iPhone
		{42C68AFD-6271-477B-9E58-2759E6FD56BC}.AppStore|iPhoneSimulator.ActiveCfg = AppStore|iPhoneSimulator
		{42C68AFD-6271-477B-9E58-2759E6FD56BC}.AppStore|iPhoneSimulator.Build.0 = AppStore|iPhoneSimulator
		{42C68AFD-6271-477B-9E58-2759E6FD56BC}.AppStore|x64.ActiveCfg = AppStore|iPhone
		{42C68AFD-6271-477B-9E58-2759E6FD56BC}.AppStore|x86.ActiveCfg = AppStore|iPhone
		{42C68AFD-6271-477B-9E58-2759E6FD56BC}.Debug|Any CPU.ActiveCfg = Debug|iPhone
		{42C68AFD-6271-477B-9E58-2759E6FD56BC}.Debug|ARM.ActiveCfg = Debug|iPhone
		{42C68AFD-6271-477B-9E58-2759E6FD56BC}.Debug|iPhone.ActiveCfg = Debug|iPhone
		{42C68AFD-6271-477B-9E58-2759E6FD56BC}.Debug|iPhone.Build.0 = Debug|iPhone
		{42C68AFD-6271-477B-9E58-2759E6FD56BC}.Debug|iPhoneSimulator.ActiveCfg = Debug|iPhoneSimulator
		{42C68AFD-6271-477B-9E58-2759E6FD56BC}.Debug|iPhoneSimulator.Build.0 = Debug|iPhoneSimulator
		{42C68AFD-6271-477B-9E58-2759E6FD56BC}.Debug|x64.ActiveCfg = Debug|iPhone
		{42C68AFD-6271-477B-9E58-2759E6FD56BC}.Debug|x86.ActiveCfg = Debug|iPhone
		{42C68AFD-6271-477B-9E58-2759E6FD56BC}.Release|Any CPU.ActiveCfg = Release|iPhone
		{42C68AFD-6271-477B-9E58-2759E6FD56BC}.Release|ARM.ActiveCfg = Release|iPhone
		{42C68AFD-6271-477B-9E58-2759E6FD56BC}.Release|iPhone.ActiveCfg = Release|iPhone
		{42C68AFD-6271-477B-9E58-2759E6FD56BC}.Release|iPhone.Build.0 = Release|iPhone
		{42C68AFD-6271-477B-9E58-2759E6FD56BC}.Release|iPhoneSimulator.ActiveCfg = Release|iPhoneSimulator
		{42C68AFD-6271-477B-9E58-2759E6FD56BC}.Release|iPhoneSimulator.Build.0 = Release|iPhoneSimulator
		{42C68AFD-6271-477B-9E58-2759E6FD56BC}.Release|x64.ActiveCfg = Release|iPhone
		{42C68AFD-6271-477B-9E58-2759E6FD56BC}.Release|x86.ActiveCfg = Release|iPhone
	EndGlobalSection
	GlobalSection(SolutionProperties) = preSolution
		HideSolutionNode = FALSE
	EndGlobalSection
EndGlobal
